{
  "name": "nodejsfundation",
  "version": "1.0.0",
  "lockfileVersion": 3,
  "requires": true,
  "packages": {
    "": {
      "name": "nodejsfundation",
      "version": "1.0.0",
      "license": "ISC",
      "dependencies": {
        "colorette": "github:jorgebucaran/colorette#1.4.0"
      }
    },
    "node_modules/colorette": {
      "version": "1.4.0",
      "resolved": "git+ssh://git@github.com/jorgebucaran/colorette.git#eec128ebdc0e12c7bd0b7016270dc8081d81e096"
    }
  }
}
